{
  "name": "edge-runtime-bug",
  "version": "1.0.0",
  "lockfileVersion": 3,
  "requires": true,
  "packages": {
    "": {
      "name": "edge-runtime-bug",
      "version": "1.0.0",
      "license": "ISC",
      "dependencies": {
        "edge-runtime": "^2.0.3",
        "esbuild": "^0.17.4",
        "yjs": "^13.5.44"
      }
    },
    "node_modules/@edge-runtime/format": {
      "version": "2.0.0",
      "resolved": "https://registry.npmjs.org/@edge-runtime/format/-/format-2.0.0.tgz",
      "integrity": "sha512-y0KPyCwbIiuRDc8qZ9JHJZp+SFqeHOTEpbAFwmXtEhK1sJsKhF3j+R8zn2TtpW3TKMb7d62RWbiqo3gZWwWkMQ==",
      "engines": {
        "node": ">=14"
      }
    },
    "node_modules/@edge-runtime/primitives": {
      "version": "2.0.3",
      "resolved": "https://registry.npmjs.org/@edge-runtime/primitives/-/primitives-2.0.3.tgz",
      "integrity": "sha512-+y39BANcePTGKAE+0R8xX3UFzwTqWQOVUaC+UXsKjA45jGNfZCkGnJgGjJPXZftmxiLcl9R2lYyDvHN+55dUlw==",
      "engines": {
        "node": ">=14"
      }
    },
    "node_modules/@edge-runtime/vm": {
      "version": "2.0.3",
      "resolved": "https://registry.npmjs.org/@edge-runtime/vm/-/vm-2.0.3.tgz",
      "integrity": "sha512-l0fTtkBIPozgr8vQ46LXCSrp40WBWSNFQy/wGpydAsXznm6So90/ZsZD9hFLiudT2dnPJAWFtdNHcTpEKv8smA==",
      "dependencies": {
        "@edge-runtime/primitives": "2.0.3"
      },
      "engines": {
        "node": ">=14"
      }
    },
    "node_modules/@esbuild/android-arm": {
      "version": "0.17.4",
      "resolved": "https://registry.npmjs.org/@esbuild/android-arm/-/android-arm-0.17.4.tgz",
      "integrity": "sha512-R9GCe2xl2XDSc2XbQB63mFiFXHIVkOP+ltIxICKXqUPrFX97z6Z7vONCLQM1pSOLGqfLrGi3B7nbhxmFY/fomg==",
      "cpu": [
        "arm"
      ],
      "optional": true,
      "os": [
        "android"
      ],
      "engines": {
        "node": ">=12"
      }
    },
    "node_modules/@esbuild/android-arm64": {
      "version": "0.17.4",
      "resolved": "https://registry.npmjs.org/@esbuild/android-arm64/-/android-arm64-0.17.4.tgz",
      "integrity": "sha512-91VwDrl4EpxBCiG6h2LZZEkuNvVZYJkv2T9gyLG/mhGG1qrM7i5SwUcg/hlSPnL/4hDT0TFcF35/XMGSn0bemg==",
      "cpu": [
        "arm64"
      ],
      "optional": true,
      "os": [
        "android"
      ],
      "engines": {
        "node": ">=12"
      }
    },
    "node_modules/@esbuild/android-x64": {
      "version": "0.17.4",
      "resolved": "https://registry.npmjs.org/@esbuild/android-x64/-/android-x64-0.17.4.tgz",
      "integrity": "sha512-mGSqhEPL7029XL7QHNPxPs15JVa02hvZvysUcyMP9UXdGFwncl2WU0bqx+Ysgzd+WAbv8rfNa73QveOxAnAM2w==",
      "cpu": [
        "x64"
      ],
      "optional": true,
      "os": [
        "android"
      ],
      "engines": {
        "node": ">=12"
      }
    },
    "node_modules/@esbuild/darwin-arm64": {
      "version": "0.17.4",
      "resolved": "https://registry.npmjs.org/@esbuild/darwin-arm64/-/darwin-arm64-0.17.4.tgz",
      "integrity": "sha512-tTyJRM9dHvlMPt1KrBFVB5OW1kXOsRNvAPtbzoKazd5RhD5/wKlXk1qR2MpaZRYwf4WDMadt0Pv0GwxB41CVow==",
      "cpu": [
        "arm64"
      ],
      "optional": true,
      "os": [
        "darwin"
      ],
      "engines": {
        "node": ">=12"
      }
    },
    "node_modules/@esbuild/darwin-x64": {
      "version": "0.17.4",
      "resolved": "https://registry.npmjs.org/@esbuild/darwin-x64/-/darwin-x64-0.17.4.tgz",
      "integrity": "sha512-phQuC2Imrb3TjOJwLN8EO50nb2FHe8Ew0OwgZDH1SV6asIPGudnwTQtighDF2EAYlXChLoMJwqjAp4vAaACq6w==",
      "cpu": [
        "x64"
      ],
      "optional": true,
      "os": [
        "darwin"
      ],
      "engines": {
        "node": ">=12"
      }
    },
    "node_modules/@esbuild/freebsd-arm64": {
      "version": "0.17.4",
      "resolved": "https://registry.npmjs.org/@esbuild/freebsd-arm64/-/freebsd-arm64-0.17.4.tgz",
      "integrity": "sha512-oH6JUZkocgmjzzYaP5juERLpJQSwazdjZrTPgLRmAU2bzJ688x0vfMB/WTv4r58RiecdHvXOPC46VtsMy/mepg==",
      "cpu": [
        "arm64"
      ],
      "optional": true,
      "os": [
        "freebsd"
      ],
      "engines": {
        "node": ">=12"
      }
    },
    "node_modules/@esbuild/freebsd-x64": {
      "version": "0.17.4",
      "resolved": "https://registry.npmjs.org/@esbuild/freebsd-x64/-/freebsd-x64-0.17.4.tgz",
      "integrity": "sha512-U4iWGn/9TrAfpAdfd56eO0pRxIgb0a8Wj9jClrhT8hvZnOnS4dfMPW7o4fn15D/KqoiVYHRm43jjBaTt3g/2KA==",
      "cpu": [
        "x64"
      ],
      "optional": true,
      "os": [
        "freebsd"
      ],
      "engines": {
        "node": ">=12"
      }
    },
    "node_modules/@esbuild/linux-arm": {
      "version": "0.17.4",
      "resolved": "https://registry.npmjs.org/@esbuild/linux-arm/-/linux-arm-0.17.4.tgz",
      "integrity": "sha512-S2s9xWTGMTa/fG5EyMGDeL0wrWVgOSQcNddJWgu6rG1NCSXJHs76ZP9AsxjB3f2nZow9fWOyApklIgiTGZKhiw==",
      "cpu": [
        "arm"
      ],
      "optional": true,
      "os": [
        "linux"
      ],
      "engines": {
        "node": ">=12"
      }
    },
    "node_modules/@esbuild/linux-arm64": {
      "version": "0.17.4",
      "resolved": "https://registry.npmjs.org/@esbuild/linux-arm64/-/linux-arm64-0.17.4.tgz",
      "integrity": "sha512-UkGfQvYlwOaeYJzZG4cLV0hCASzQZnKNktRXUo3/BMZvdau40AOz9GzmGA063n1piq6VrFFh43apRDQx8hMP2w==",
      "cpu": [
        "arm64"
      ],
      "optional": true,
      "os": [
        "linux"
      ],
      "engines": {
        "node": ">=12"
      }
    },
    "node_modules/@esbuild/linux-ia32": {
      "version": "0.17.4",
      "resolved": "https://registry.npmjs.org/@esbuild/linux-ia32/-/linux-ia32-0.17.4.tgz",
      "integrity": "sha512-3lqFi4VFo/Vwvn77FZXeLd0ctolIJH/uXkH3yNgEk89Eh6D3XXAC9/iTPEzeEpsNE5IqGIsFa5Z0iPeOh25IyA==",
      "cpu": [
        "ia32"
      ],
      "optional": true,
      "os": [
        "linux"
      ],
      "engines": {
        "node": ">=12"
      }
    },
    "node_modules/@esbuild/linux-loong64": {
      "version": "0.17.4",
      "resolved": "https://registry.npmjs.org/@esbuild/linux-loong64/-/linux-loong64-0.17.4.tgz",
      "integrity": "sha512-HqpWZkVslDHIwdQ9D+gk7NuAulgQvRxF9no54ut/M55KEb3mi7sQS3GwpPJzSyzzP0UkjQVN7/tbk88/CaX4EQ==",
      "cpu": [
        "loong64"
      ],
      "optional": true,
      "os": [
        "linux"
      ],
      "engines": {
        "node": ">=12"
      }
    },
    "node_modules/@esbuild/linux-mips64el": {
      "version": "0.17.4",
      "resolved": "https://registry.npmjs.org/@esbuild/linux-mips64el/-/linux-mips64el-0.17.4.tgz",
      "integrity": "sha512-d/nMCKKh/SVDbqR9ju+b78vOr0tNXtfBjcp5vfHONCCOAL9ad8gN9dC/u+UnH939pz7wO+0u/x9y1MaZcb/lKA==",
      "cpu": [
        "mips64el"
      ],
      "optional": true,
      "os": [
        "linux"
      ],
      "engines": {
        "node": ">=12"
      }
    },
    "node_modules/@esbuild/linux-ppc64": {
      "version": "0.17.4",
      "resolved": "https://registry.npmjs.org/@esbuild/linux-ppc64/-/linux-ppc64-0.17.4.tgz",
      "integrity": "sha512-lOD9p2dmjZcNiTU+sGe9Nn6G3aYw3k0HBJies1PU0j5IGfp6tdKOQ6mzfACRFCqXjnBuTqK7eTYpwx09O5LLfg==",
      "cpu": [
        "ppc64"
      ],
      "optional": true,
      "os": [
        "linux"
      ],
      "engines": {
        "node": ">=12"
      }
    },
    "node_modules/@esbuild/linux-riscv64": {
      "version": "0.17.4",
      "resolved": "https://registry.npmjs.org/@esbuild/linux-riscv64/-/linux-riscv64-0.17.4.tgz",
      "integrity": "sha512-mTGnwWwVshAjGsd8rP+K6583cPDgxOunsqqldEYij7T5/ysluMHKqUIT4TJHfrDFadUwrghAL6QjER4FeqQXoA==",
      "cpu": [
        "riscv64"
      ],
      "optional": true,
      "os": [
        "linux"
      ],
      "engines": {
        "node": ">=12"
      }
    },
    "node_modules/@esbuild/linux-s390x": {
      "version": "0.17.4",
      "resolved": "https://registry.npmjs.org/@esbuild/linux-s390x/-/linux-s390x-0.17.4.tgz",
      "integrity": "sha512-AQYuUGp50XM29/N/dehADxvc2bUqDcoqrVuijop1Wv72SyxT6dDB9wjUxuPZm2HwIM876UoNNBMVd+iX/UTKVQ==",
      "cpu": [
        "s390x"
      ],
      "optional": true,
      "os": [
        "linux"
      ],
      "engines": {
        "node": ">=12"
      }
    },
    "node_modules/@esbuild/linux-x64": {
      "version": "0.17.4",
      "resolved": "https://registry.npmjs.org/@esbuild/linux-x64/-/linux-x64-0.17.4.tgz",
      "integrity": "sha512-+AsFBwKgQuhV2shfGgA9YloxLDVjXgUEWZum7glR5lLmV94IThu/u2JZGxTgjYby6kyXEx8lKOqP5rTEVBR0Rw==",
      "cpu": [
        "x64"
      ],
      "optional": true,
      "os": [
        "linux"
      ],
      "engines": {
        "node": ">=12"
      }
    },
    "node_modules/@esbuild/netbsd-x64": {
      "version": "0.17.4",
      "resolved": "https://registry.npmjs.org/@esbuild/netbsd-x64/-/netbsd-x64-0.17.4.tgz",
      "integrity": "sha512-zD1TKYX9553OiLS/qkXPMlWoELYkH/VkzRYNKEU+GwFiqkq0SuxsKnsCg5UCdxN3cqd+1KZ8SS3R+WG/Hxy2jQ==",
      "cpu": [
        "x64"
      ],
      "optional": true,
      "os": [
        "netbsd"
      ],
      "engines": {
        "node": ">=12"
      }
    },
    "node_modules/@esbuild/openbsd-x64": {
      "version": "0.17.4",
      "resolved": "https://registry.npmjs.org/@esbuild/openbsd-x64/-/openbsd-x64-0.17.4.tgz",
      "integrity": "sha512-PY1NjEsLRhPEFFg1AV0/4Or/gR+q2dOb9s5rXcPuCjyHRzbt8vnHJl3vYj+641TgWZzTFmSUnZbzs1zwTzjeqw==",
      "cpu": [
        "x64"
      ],
      "optional": true,
      "os": [
        "openbsd"
      ],
      "engines": {
        "node": ">=12"
      }
    },
    "node_modules/@esbuild/sunos-x64": {
      "version": "0.17.4",
      "resolved": "https://registry.npmjs.org/@esbuild/sunos-x64/-/sunos-x64-0.17.4.tgz",
      "integrity": "sha512-B3Z7s8QZQW9tKGleMRXvVmwwLPAUoDCHs4WZ2ElVMWiortLJFowU1NjAhXOKjDgC7o9ByeVcwyOlJ+F2r6ZgmQ==",
      "cpu": [
        "x64"
      ],
      "optional": true,
      "os": [
        "sunos"
      ],
      "engines": {
        "node": ">=12"
      }
    },
    "node_modules/@esbuild/win32-arm64": {
      "version": "0.17.4",
      "resolved": "https://registry.npmjs.org/@esbuild/win32-arm64/-/win32-arm64-0.17.4.tgz",
      "integrity": "sha512-0HCu8R3mY/H5V7N6kdlsJkvrT591bO/oRZy8ztF1dhgNU5xD5tAh5bKByT1UjTGjp/VVBsl1PDQ3L18SfvtnBQ==",
      "cpu": [
        "arm64"
      ],
      "optional": true,
      "os": [
        "win32"
      ],
      "engines": {
        "node": ">=12"
      }
    },
    "node_modules/@esbuild/win32-ia32": {
      "version": "0.17.4",
      "resolved": "https://registry.npmjs.org/@esbuild/win32-ia32/-/win32-ia32-0.17.4.tgz",
      "integrity": "sha512-VUjhVDQycse1gLbe06pC/uaA0M+piQXJpdpNdhg8sPmeIZZqu5xPoGWVCmcsOO2gaM2cywuTYTHkXRozo3/Nkg==",
      "cpu": [
        "ia32"
      ],
      "optional": true,
      "os": [
        "win32"
      ],
      "engines": {
        "node": ">=12"
      }
    },
    "node_modules/@esbuild/win32-x64": {
      "version": "0.17.4",
      "resolved": "https://registry.npmjs.org/@esbuild/win32-x64/-/win32-x64-0.17.4.tgz",
      "integrity": "sha512-0kLAjs+xN5OjhTt/aUA6t48SfENSCKgGPfExADYTOo/UCn0ivxos9/anUVeSfg+L+2O9xkFxvJXIJfG+Q4sYSg==",
      "cpu": [
        "x64"
      ],
      "optional": true,
      "os": [
        "win32"
      ],
      "engines": {
        "node": ">=12"
      }
    },
    "node_modules/convert-hrtime": {
      "version": "3.0.0",
      "resolved": "https://registry.npmjs.org/convert-hrtime/-/convert-hrtime-3.0.0.tgz",
      "integrity": "sha512-7V+KqSvMiHp8yWDuwfww06XleMWVVB9b9tURBx+G7UTADuo5hYPuowKloz4OzOqbPezxgo+fdQ1522WzPG4OeA==",
      "engines": {
        "node": ">=8"
      }
    },
    "node_modules/edge-runtime": {
      "version": "2.0.3",
      "resolved": "https://registry.npmjs.org/edge-runtime/-/edge-runtime-2.0.3.tgz",
      "integrity": "sha512-9s5h/HcB/cdZw2MaCWnyQN/TBZM3TrRTFipV1T7WlnXTu+ajDEtcp1or29pd+/+WJc3mWkY4LwUMKnt6lT/oUw==",
      "dependencies": {
        "@edge-runtime/format": "2.0.0",
        "@edge-runtime/vm": "2.0.3",
        "exit-hook": "2.2.1",
        "http-status": "1.5.3",
        "mri": "1.2.0",
        "picocolors": "1.0.0",
        "pretty-bytes": "5.6.0",
        "pretty-ms": "7.0.1",
        "time-span": "4.0.0"
      },
      "bin": {
        "edge-runtime": "dist/cli/index.js"
      },
      "engines": {
        "node": ">=14"
      }
    },
    "node_modules/esbuild": {
      "version": "0.17.4",
      "resolved": "https://registry.npmjs.org/esbuild/-/esbuild-0.17.4.tgz",
      "integrity": "sha512-zBn9MeCwT7W5F1a3lXClD61ip6vQM+H8Msb0w8zMT4ZKBpDg+rFAraNyWCDelB/2L6M3g6AXHPnsyvjMFnxtFw==",
      "hasInstallScript": true,
      "bin": {
        "esbuild": "bin/esbuild"
      },
      "engines": {
        "node": ">=12"
      },
      "optionalDependencies": {
        "@esbuild/android-arm": "0.17.4",
        "@esbuild/android-arm64": "0.17.4",
        "@esbuild/android-x64": "0.17.4",
        "@esbuild/darwin-arm64": "0.17.4",
        "@esbuild/darwin-x64": "0.17.4",
        "@esbuild/freebsd-arm64": "0.17.4",
        "@esbuild/freebsd-x64": "0.17.4",
        "@esbuild/linux-arm": "0.17.4",
        "@esbuild/linux-arm64": "0.17.4",
        "@esbuild/linux-ia32": "0.17.4",
        "@esbuild/linux-loong64": "0.17.4",
        "@esbuild/linux-mips64el": "0.17.4",
        "@esbuild/linux-ppc64": "0.17.4",
        "@esbuild/linux-riscv64": "0.17.4",
        "@esbuild/linux-s390x": "0.17.4",
        "@esbuild/linux-x64": "0.17.4",
        "@esbuild/netbsd-x64": "0.17.4",
        "@esbuild/openbsd-x64": "0.17.4",
        "@esbuild/sunos-x64": "0.17.4",
        "@esbuild/win32-arm64": "0.17.4",
        "@esbuild/win32-ia32": "0.17.4",
        "@esbuild/win32-x64": "0.17.4"
      }
    },
    "node_modules/exit-hook": {
      "version": "2.2.1",
      "resolved": "https://registry.npmjs.org/exit-hook/-/exit-hook-2.2.1.tgz",
      "integrity": "sha512-eNTPlAD67BmP31LDINZ3U7HSF8l57TxOY2PmBJ1shpCvpnxBF93mWCE8YHBnXs8qiUZJc9WDcWIeC3a2HIAMfw==",
      "engines": {
        "node": ">=6"
      },
      "funding": {
        "url": "https://github.com/sponsors/sindresorhus"
      }
    },
    "node_modules/http-status": {
      "version": "1.5.3",
      "resolved": "https://registry.npmjs.org/http-status/-/http-status-1.5.3.tgz",
      "integrity": "sha512-jCClqdnnwigYslmtfb28vPplOgoiZ0siP2Z8C5Ua+3UKbx410v+c+jT+jh1bbI4TvcEySuX0vd/CfFZFbDkJeQ==",
      "engines": {
        "node": ">= 0.4.0"
      }
    },
    "node_modules/isomorphic.js": {
      "version": "0.2.5",
      "resolved": "https://registry.npmjs.org/isomorphic.js/-/isomorphic.js-0.2.5.tgz",
      "integrity": "sha512-PIeMbHqMt4DnUP3MA/Flc0HElYjMXArsw1qwJZcm9sqR8mq3l8NYizFMty0pWwE/tzIGH3EKK5+jes5mAr85yw==",
      "funding": {
        "type": "GitHub Sponsors ❤",
        "url": "https://github.com/sponsors/dmonad"
      }
    },
    "node_modules/lib0": {
      "version": "0.2.60",
      "resolved": "https://registry.npmjs.org/lib0/-/lib0-0.2.60.tgz",
      "integrity": "sha512-vzhtdUXBV8HyJnJWIZxUSH/aUVo1U4jUFRFDPVY245zFtzCl9Gld/EgvA8Jhnrio7Jn0HmGswErbPjsabYd7ow==",
      "dependencies": {
        "isomorphic.js": "^0.2.4"
      },
      "engines": {
        "node": ">=14"
      },
      "funding": {
        "type": "GitHub Sponsors ❤",
        "url": "https://github.com/sponsors/dmonad"
      }
    },
    "node_modules/mri": {
      "version": "1.2.0",
      "resolved": "https://registry.npmjs.org/mri/-/mri-1.2.0.tgz",
      "integrity": "sha512-tzzskb3bG8LvYGFF/mDTpq3jpI6Q9wc3LEmBaghu+DdCssd1FakN7Bc0hVNmEyGq1bq3RgfkCb3cmQLpNPOroA==",
      "engines": {
        "node": ">=4"
      }
    },
    "node_modules/parse-ms": {
      "version": "2.1.0",
      "resolved": "https://registry.npmjs.org/parse-ms/-/parse-ms-2.1.0.tgz",
      "integrity": "sha512-kHt7kzLoS9VBZfUsiKjv43mr91ea+U05EyKkEtqp7vNbHxmaVuEqN7XxeEVnGrMtYOAxGrDElSi96K7EgO1zCA==",
      "engines": {
        "node": ">=6"
      }
    },
    "node_modules/picocolors": {
      "version": "1.0.0",
      "resolved": "https://registry.npmjs.org/picocolors/-/picocolors-1.0.0.tgz",
      "integrity": "sha512-1fygroTLlHu66zi26VoTDv8yRgm0Fccecssto+MhsZ0D/DGW2sm8E8AjW7NU5VVTRt5GxbeZ5qBuJr+HyLYkjQ=="
    },
    "node_modules/pretty-bytes": {
      "version": "5.6.0",
      "resolved": "https://registry.npmjs.org/pretty-bytes/-/pretty-bytes-5.6.0.tgz",
      "integrity": "sha512-FFw039TmrBqFK8ma/7OL3sDz/VytdtJr044/QUJtH0wK9lb9jLq9tJyIxUwtQJHwar2BqtiA4iCWSwo9JLkzFg==",
      "engines": {
        "node": ">=6"
      },
      "funding": {
        "url": "https://github.com/sponsors/sindresorhus"
      }
    },
    "node_modules/pretty-ms": {
      "version": "7.0.1",
      "resolved": "https://registry.npmjs.org/pretty-ms/-/pretty-ms-7.0.1.tgz",
      "integrity": "sha512-973driJZvxiGOQ5ONsFhOF/DtzPMOMtgC11kCpUrPGMTgqp2q/1gwzCquocrN33is0VZ5GFHXZYMM9l6h67v2Q==",
      "dependencies": {
        "parse-ms": "^2.1.0"
      },
      "engines": {
        "node": ">=10"
      },
      "funding": {
        "url": "https://github.com/sponsors/sindresorhus"
      }
    },
    "node_modules/time-span": {
      "version": "4.0.0",
      "resolved": "https://registry.npmjs.org/time-span/-/time-span-4.0.0.tgz",
      "integrity": "sha512-MyqZCTGLDZ77u4k+jqg4UlrzPTPZ49NDlaekU6uuFaJLzPIN1woaRXCbGeqOfxwc3Y37ZROGAJ614Rdv7Olt+g==",
      "dependencies": {
        "convert-hrtime": "^3.0.0"
      },
      "engines": {
        "node": ">=10"
      },
      "funding": {
        "url": "https://github.com/sponsors/sindresorhus"
      }
    },
    "node_modules/yjs": {
      "version": "13.5.44",
      "resolved": "https://registry.npmjs.org/yjs/-/yjs-13.5.44.tgz",
      "integrity": "sha512-UL+abIh2lQonqXfaJ+en7z9eGshpY11j1zNLc2kDYs0vrTjee4gZJUXC3ZsuhP6geQt0IRU04epCGRaVPQAVCA==",
      "dependencies": {
        "lib0": "^0.2.49"
      },
      "funding": {
        "type": "GitHub Sponsors ❤",
        "url": "https://github.com/sponsors/dmonad"
      }
    }
  }
}
